
Microsoft Visual Studio Solution File, Format Version 12.00
# Visual Studio 15
VisualStudioVersion = 15.0.28307.421
MinimumVisualStudioVersion = 10.0.40219.1
Project("{8BC9CEB8-8B4A-11D0-8D11-00A0C91BC942}") = "SFGUI", "SFGUI\SFGUI.vcxproj", "{2BC2AFB4-64CB-4375-BAB8-1770B6CB28DB}"
EndProject
Global
	GlobalSection(SolutionConfigurationPlatforms) = preSolution
		Debug|x64 = Debug|x64
		Debug|x86 = Debug|x86
		Release|x64 = Release|x64
		Release|x86 = Release|x86
	EndGlobalSection
	GlobalSection(ProjectConfigurationPlatforms) = postSolution
		{2BC2AFB4-64CB-4375-BAB8-1770B6CB28DB}.Debug|x64.ActiveCfg = Debug|x64
		{2BC2AFB4-64CB-4375-BAB8-1770B6CB28DB}.Debug|x64.Build.0 = Debug|x64
		{2BC2AFB4-64CB-4375-BAB8-1770B6CB28DB}.Debug|x86.ActiveCfg = Debug|Win32
		{2BC2AFB4-64CB-4375-BAB8-1770B6CB28DB}.Debug|x86.Build.0 = Debug|Win32
		{2BC2AFB4-64CB-4375-BAB8-1770B6CB28DB}.Release|x64.ActiveCfg = Release|x64
		{2BC2AFB4-64CB-4375-BAB8-1770B6CB28DB}.Release|x64.Build.0 = Release|x64
		{2BC2AFB4-64CB-4375-BAB8-1770B6CB28DB}.Release|x86.ActiveCfg = Release|Win32
		{2BC2AFB4-64CB-4375-BAB8-1770B6CB28DB}.Release|x86.Build.0 = Release|Win32
	EndGlobalSection
	GlobalSection(SolutionProperties) = preSolution
		HideSolutionNode = FALSE
	EndGlobalSection
	GlobalSection(ExtensibilityGlobals) = postSolution
		SolutionGuid = {DC97EF23-512D-4AEC-A34B-ABC128C4A1B5}
	EndGlobalSection
EndGlobal
